
Microsoft Visual Studio Solution File, Format Version 12.00
# Visual Studio Version 16
VisualStudioVersion = 16.0.29411.108
MinimumVisualStudioVersion = 10.0.40219.1
Project("{FAE04EC0-301F-11D3-BF4B-00C04F79EFBC}") = "ooplab2", "ooplab2\ooplab2.csproj", "{F70AB29E-7BCC-4781-9BBE-01C193217D03}"
EndProject
Global
	GlobalSection(SolutionConfigurationPlatforms) = preSolution
		Debug|Any CPU = Debug|Any CPU
		Release|Any CPU = Release|Any CPU
	EndGlobalSection
	GlobalSection(ProjectConfigurationPlatforms) = postSolution
		{F70AB29E-7BCC-4781-9BBE-01C193217D03}.Debug|Any CPU.ActiveCfg = Debug|Any CPU
		{F70AB29E-7BCC-4781-9BBE-01C193217D03}.Debug|Any CPU.Build.0 = Debug|Any CPU
		{F70AB29E-7BCC-4781-9BBE-01C193217D03}.Release|Any CPU.ActiveCfg = Release|Any CPU
		{F70AB29E-7BCC-4781-9BBE-01C193217D03}.Release|Any CPU.Build.0 = Release|Any CPU
	EndGlobalSection
	GlobalSection(SolutionProperties) = preSolution
		HideSolutionNode = FALSE
	EndGlobalSection
	GlobalSection(ExtensibilityGlobals) = postSolution
		SolutionGuid = {3DD15AF5-C215-4277-A02D-DC67DCC9E5B2}
	EndGlobalSection
EndGlobal
